# This file was autogenerated by uv via the following command:
#    uv pip compile pyproject.toml --python-version 3.12 --no-python-downloads --universal --generate-hashes --output-file requirements-readers.lock
apsw==3.53.4.0 \
    --hash=sha256:041b362eb1efbedae8eb869b51902590d4b44b0625c7d0e44b0b0b1e7ff79978 \
    --hash=sha256:0b162856ab66bdc7424b9d9c34e686d827a6fcea32363d649af2cf447bf27c36 \
    --hash=sha256:0b5ccae16a9efdeca6fdbbe91330e73530782b4d98ee1c20054ae0b72efdabf3 \
    --hash=sha256:13bd0c01cada861ce9cd4a09ff36c5a245185477c5fe6ce52d266c46e69f76e5 \
    --hash=sha256:13db505f1f08a185917786124d0960615e81b3fe0a016d1069b6b91abe552100 \
    --hash=sha256:149fe6f761456ceb2b9f4c8b9c33dad9142544e6417267477b7a9d5b93da70e5 \
    --hash=sha256:15f342ddad6cd75d3372a541d0cd107c91630a35173ebd59d2135487dc6ca0fb \
    --hash=sha256:1826a9f3a62f5ed79940a7a67cb480be6d0a57f471198e65af57bdbc179b2de2 \
    --hash=sha256:19c8fb1b23a0ee58c31c6241022f1fac080025c924eac0069be612d1c49ad7c7 \
    --hash=sha256:1daf038c76267e1255baa870849f604f1bc59847083f46736574abd530dd4a39 \
    --hash=sha256:248060079ea0a8df3844f659e9c9ee41eb29ce7761b6022105c6968691e65259 \
    --hash=sha256:30b107e27947d366f5b3300feb624b39338448211a4e5cd8ee0d752baa9481fa \
    --hash=sha256:36d6605ae4d3447385fa0e81d66f854dd88b18c853d85b22d0016e611a0c99bc \
    --hash=sha256:371efde8c6cf0d278cb9e17848ddb637e5b40fa3f86bcfd57786cc26869608aa \
    --hash=sha256:3b729ec8df6cd0010f174a21c18e0315bc748800709176d3dd7e14d7a8aeeb6f \
    --hash=sha256:41bbbee759cd44b2053d0e8d071decca705116c085c9d0a15e8060f076510a3e \
    --hash=sha256:4250fab667cc41c55170028ab095a9d4a4ae66363f4bc0720771c20519702625 \
    --hash=sha256:44625dda9965e1f0a839f86191f9de14f34782789e4b3e9984609644bd5c00d2 \
    --hash=sha256:4760a026284318d5de6937a14add0d03b194ea60bf67fb51bdd28b541a249229 \
    --hash=sha256:4855c9115f87548fe608553262e07def3b51633b9995e3301cd3254f9cba394b \
    --hash=sha256:558be4a9ee48a9479732b011ea1fc068144ceb718223fa83ec20ba6ee930ccab \
    --hash=sha256:58abdd76ecc8d90f6a2f9a5c9d280b579e6994332c6b4cdb26ae0700e6984d3c \
    --hash=sha256:62945882058589d3f10e588beca18cbe36aa91eaa4e9961ca74cfd7278a69c01 \
    --hash=sha256:647b97ceebfe805dc75df6dc513557b9ac0e513983bd234458ead0e0522fd2cc \
    --hash=sha256:6b6c56c56006bc9593fd701df59b9a851b6143d45f7f447e65490658e53e4e38 \
    --hash=sha256:6c47c64ca9c2fac2b476317210b6e8c04681fb718594c0806bd33e5d2b459dff \
    --hash=sha256:6ec42090ec4150ad35b9e70d6bc7ee15554c268ac495cfbf0761c6a3d46edc6f \
    --hash=sha256:6eda7f8e79e5729c6ca0e9aa84cb2826ce0aa63257324a3066c78c8fa46d1b66 \
    --hash=sha256:6f5370dbd4467fdbb8a4188604a85e235a5efdc16a8340a7c9cd38d3866a908b \
    --hash=sha256:6f7b80f70d04e5f03b29a16db810b414c46e097434ba892741424c89db359c43 \
    --hash=sha256:6fadc24dfd89a4e6a1ea47536bbab5034276ff50a18e1497095a7a3a2794e7c1 \
    --hash=sha256:7718908b72f95f18091f723918eab4a4f0a3405a92d0a64a38371e2727e79e41 \
    --hash=sha256:7bfe8f1eb0efbdb61005447e73affa6f9339f509bfbd565e9bee8f33ec5904ed \
    --hash=sha256:7dcf83f5bf8ffacdd1ad5254322e157e426f73d8fcdafdae3e3cfc9f242f9e17 \
    --hash=sha256:7ed2b82e0b5d57c61c8f0cba91ce01d68a061cbea483a53b19f42ecc4ab6cb72 \
    --hash=sha256:813daf4c176ce6716bdad3785245ff35a373ac3ea5cde1a23f4219a96cd6317c \
    --hash=sha256:838dff7f0a360837dd5d480afbc818aeffa3decd83c81a39ac47cece7956fcee \
    --hash=sha256:8665b7e10bb97262bc821444469c0ed60bd039f5a2236dacb362e160a4a66097 \
    --hash=sha256:88856d0bb0271fcb98706bb5b3c82a5e7d58f7ce649a4757fdcf8cf1e889e191 \
    --hash=sha256:8a2956739873f76c1f8aa3fb0ec6933dddcc648524d3a8677a63c4dd4b7d7418 \
    --hash=sha256:8a5a722b4d544d2eddd559556424fa40b3206542591fa4563bb6a58432b362c6 \
    --hash=sha256:8cfa9ad1dd459d453bc7bc0b2beb2aa27f326822f0301ce1a903be1e0ad004b2 \
    --hash=sha256:8eb911c4c5fd03ed42b58153829aadde25196ef24d5438c3ff3009bb97210fd7 \
    --hash=sha256:8feaa19aeeac9acf984e5ade28478e44ae6c1cc3e03b423f8d66fdb4eb1a5bdc \
    --hash=sha256:943ab632e41663f4187f383497d280a6ca91114861f1b4fc37dbf8c84c392d4f \
    --hash=sha256:94d8e664e1b9f89dbc8635d7c7a5acff85332bdd058496c0bbb1c111b4dbcfb4 \
    --hash=sha256:94fab7525b77af4230a4e406c6c8dcc0dcf25eac91a1975c75706e4806d28915 \
    --hash=sha256:950f12259890c3fed24219a5219bcf1d98dedcbf258eb43bda218b919466d143 \
    --hash=sha256:95d2a5172d7b164c11a9b92c584bced9ddecbf963ad71432951b92b0de903d71 \
    --hash=sha256:96a617d936b3141899c8f60a9fc8291ec7fa55779bac0992b26bac713ab2f1cb \
    --hash=sha256:979f69f2ade92a2afd2f67208217cf2ba174e237f7edc936ecd5af28340a463e \
    --hash=sha256:997ea4a591459346ad69ed98fb7a627a01f49ea08d220a113cbb8caf34ca4e50 \
    --hash=sha256:9d46f4f9d45911f413fb21745c34a645984683442372dc45ae80c3c43c08808b \
    --hash=sha256:a078375b48bfe1f6c49a8dfc9697c73c9bff0e1de30542099691f8f209896fba \
    --hash=sha256:a4a41a246474ef12a1d4f1b8b87866a4deb8384047df70f5867018a6603e7fac \
    --hash=sha256:a6a85e6b3f896bcb9625e9b321947fd50f0e84627dbf0541e46b2fad151137fc \
    --hash=sha256:ac1b011f3301c6fbe51c4ccc43ceaab74266adedaf00e7d96acbaa38f3377835 \
    --hash=sha256:ac462dff754a62576872aba41921bad0f2a60b43e51811af54417e6cf01e3ce8 \
    --hash=sha256:ad5ead1a56415f298f31559c760587b2f24105904adfab72650ecc76c9886fa1 \
    --hash=sha256:b50af311ea4d32595bf403488e247093dfa470d267f0b1959cb252a716f5c9d1 \
    --hash=sha256:bb1d95203ebb3174126cf3a8d078c1c3f490ac42ad48333dd130d70acc408b81 \
    --hash=sha256:bdebb5495c6cf734c4355c99c976d85a58dfeb08083e5b8be263ed7faef799de \
    --hash=sha256:c4648b0954c021c2cd3f4498e70a9d0ba5bc46aaa2a737dc110a317e47df493d \
    --hash=sha256:c6c262ce950cbd831b52fffd0e39e5ca4bd6dc60ce048d0d6e44dae7204634a9 \
    --hash=sha256:c745c316301fcca10d1b85e2a8d3ff1df9c138aa6a755f143ef7437f6718a131 \
    --hash=sha256:c800584d288c8430fa242e9f5fccfd904c129e11821da6ca6f2180f98c30ceb9 \
    --hash=sha256:cad12a70fae847c7b0fcf98ba0299ffcfe9c51c9f0f7764185bd91a2c709c937 \
    --hash=sha256:caf15026394789e508991d43423937ab1d1cf07df8866876ce998d84862ed209 \
    --hash=sha256:cca0a8a4498a355326fb491d852187c2fd2031d3e61925e349ba297d3ab884f4 \
    --hash=sha256:cdbea67df0482681970bb4cf668252e405572fc4b582e8cfd860b5a29fe75cf0 \
    --hash=sha256:d08a97ddbbdde8a6ed3e631e8d7ca5f867d930a0dff2e2d800b3fe7540430f2c \
    --hash=sha256:d981f7999d289809d72af50cbd05b2d03de1e6b181690ce8f37bf98edc0d9c43 \
    --hash=sha256:d9e13967e93e2db2245ec7537ea3ba9e00808585cc6199a08dc649b702ebce01 \
    --hash=sha256:da86a8d03c55615ab494f474e94e06e86eb1cf5977a99d4734cd5699d4a57a65 \
    --hash=sha256:df343db6af8a650ca7fff0b06eb20f05c964332d0d1cf5706b7e7e6f849a8b3b \
    --hash=sha256:e2a194578d8f2508c6a73e18d640fdfe5b2b351946d99082ecb72d855e50ea0d \
    --hash=sha256:f0ecabb9e586d54d13edf4336af929a026b8c741aafdd0d98f252c6fc536d726 \
    --hash=sha256:f3dd4186c80bdddfd4ba4cc1edd88f87c0c7cc03bf92f2b69e00c08958fe2d7d \
    --hash=sha256:f3fb92964281dee49392081be15668fa11f9c638b01c2388517ce4ffff6c3311 \
    --hash=sha256:f66758d325f1209c68368d4ef6c974661ca3784c398b8ed3d61df660598c6d25 \
    --hash=sha256:fbb3cfe03751db6a2f29e938017e11851c93fddca1ac4f78287faceba4d24059
    # via rosbags
boto3==1.43.93 \
    --hash=sha256:196bfc8b4c9cd5505f9f7b963e30956db3a00fd47e20dd0ee3574a243c1fb212 \
    --hash=sha256:3c948fe231490d446bf90bf3322d1452632107329d3683b37d88b7399bf481a0
    # via field-sessions-parser (pyproject.toml)
botocore==1.43.95 \
    --hash=sha256:0fda26d16c7c7bf7082c421390a817b696f98a43d3da7c43dbbb093f76662876 \
    --hash=sha256:779588da32bd48a7bb0c097da4bcb747260e86d2bfc507369dca56f1450e0722
    # via
    #   boto3
    #   s3transfer
jmespath==1.1.0 \
    --hash=sha256:472c87d80f36026ae83c6ddd0f1d05d4e510134ed462851fd5f754c8c3cbb88d \
    --hash=sha256:a5663118de4908c91729bea0acadca56526eb2698e83de10cd116ae0f4e97c64
    # via
    #   boto3
    #   botocore
lz4==4.4.5 \
    --hash=sha256:0846e6e78f374156ccf21c631de80967e03cc3c01c373c665789dc0c5431e7fc \
    --hash=sha256:0bba042ec5a61fa77c7e380351a61cb768277801240249841defd2ff0a10742f \
    --hash=sha256:12233624f1bc2cebc414f9efb3113a03e89acce3ab6f72035577bc61b270d24d \
    --hash=sha256:13254bd78fef50105872989a2dc3418ff09aefc7d0765528adc21646a7288294 \
    --hash=sha256:15551280f5656d2206b9b43262799c89b25a25460416ec554075a8dc568e4397 \
    --hash=sha256:1dd4d91d25937c2441b9fc0f4af01704a2d09f30a38c5798bc1d1b5a15ec9581 \
    --hash=sha256:214e37cfe270948ea7eb777229e211c601a3e0875541c1035ab408fbceaddf50 \
    --hash=sha256:216ca0c6c90719731c64f41cfbd6f27a736d7e50a10b70fad2a9c9b262ec923d \
    --hash=sha256:24092635f47538b392c4eaeff14c7270d2c8e806bf4be2a6446a378591c5e69e \
    --hash=sha256:28ccaeb7c5222454cd5f60fcd152564205bcb801bd80e125949d2dfbadc76bbd \
    --hash=sha256:2a2b7504d2dffed3fd19d4085fe1cc30cf221263fd01030819bdd8d2bb101cf1 \
    --hash=sha256:2c3ea562c3af274264444819ae9b14dbbf1ab070aff214a05e97db6896c7597e \
    --hash=sha256:33dd86cea8375d8e5dd001e41f321d0a4b1eb7985f39be1b6a4f466cd480b8a7 \
    --hash=sha256:3b84a42da86e8ad8537aabef062e7f661f4a877d1c74d65606c49d835d36d668 \
    --hash=sha256:451039b609b9a88a934800b5fc6ee401c89ad9c175abf2f4d9f8b2e4ef1afc64 \
    --hash=sha256:533298d208b58b651662dd972f52d807d48915176e5b032fb4f8c3b6f5fe535c \
    --hash=sha256:5f0b9e53c1e82e88c10d7c180069363980136b9d7a8306c4dca4f760d60c39f0 \
    --hash=sha256:609a69c68e7cfcfa9d894dc06be13f2e00761485b62df4e2472f1b66f7b405fb \
    --hash=sha256:61d0ee03e6c616f4a8b69987d03d514e8896c8b1b7cc7598ad029e5c6aedfd43 \
    --hash=sha256:66c5de72bf4988e1b284ebdd6524c4bead2c507a2d7f172201572bac6f593901 \
    --hash=sha256:67531da3b62f49c939e09d56492baf397175ff39926d0bd5bd2d191ac2bff95f \
    --hash=sha256:6bb05416444fafea170b07181bc70640975ecc2a8c92b3b658c554119519716c \
    --hash=sha256:6d0bf51e7745484d2092b3a51ae6eb58c3bd3ce0300cf2b2c14f76c536d5697a \
    --hash=sha256:713a777de88a73425cf08eb11f742cd2c98628e79a8673d6a52e3c5f0c116f33 \
    --hash=sha256:75419bb1a559af00250b8f1360d508444e80ed4b26d9d40ec5b09fe7875cb989 \
    --hash=sha256:7b62f94b523c251cf32aa4ab555f14d39bd1a9df385b72443fd76d7c7fb051f5 \
    --hash=sha256:7c4e7c44b6a31de77d4dc9772b7d2561937c9588a734681f70ec547cfbc51ecd \
    --hash=sha256:7dc1e1e2dbd872f8fae529acd5e4839efd0b141eaa8ae7ce835a9fe80fbad89f \
    --hash=sha256:83bc23ef65b6ae44f3287c38cbf82c269e2e96a26e560aa551735883388dcc4b \
    --hash=sha256:8a842ead8ca7c0ee2f396ca5d878c4c40439a527ebad2b996b0444f0074ed004 \
    --hash=sha256:92159782a4502858a21e0079d77cdcaade23e8a5d252ddf46b0652604300d7be \
    --hash=sha256:9b5e6abca8df9f9bdc5c3085f33ff32cdc86ed04c65e0355506d46a5ac19b6e9 \
    --hash=sha256:a1acbbba9edbcbb982bc2cac5e7108f0f553aebac1040fbec67a011a45afa1ba \
    --hash=sha256:a2af2897333b421360fdcce895c6f6281dc3fab018d19d341cf64d043fc8d90d \
    --hash=sha256:a482eecc0b7829c89b498fda883dbd50e98153a116de612ee7c111c8bcf82d1d \
    --hash=sha256:a5f197ffa6fc0e93207b0af71b302e0a2f6f29982e5de0fbda61606dd3a55832 \
    --hash=sha256:a88cbb729cc333334ccfb52f070463c21560fca63afcf636a9f160a55fac3301 \
    --hash=sha256:b424df1076e40d4e884cfcc4c77d815368b7fb9ebcd7e634f937725cd9a8a72a \
    --hash=sha256:bd85d118316b53ed73956435bee1997bd06cc66dd2fa74073e3b1322bd520a67 \
    --hash=sha256:c1cfa663468a189dab510ab231aad030970593f997746d7a324d40104db0d0a9 \
    --hash=sha256:c216b6d5275fc060c6280936bb3bb0e0be6126afb08abccde27eed23dead135f \
    --hash=sha256:c8e71b14938082ebaf78144f3b3917ac715f72d14c076f384a4c062df96f9df6 \
    --hash=sha256:cdd4bdcbaf35056086d910d219106f6a04e1ab0daa40ec0eeef1626c27d0fddb \
    --hash=sha256:d221fa421b389ab2345640a508db57da36947a437dfe31aeddb8d5c7b646c22d \
    --hash=sha256:d64141085864918392c3159cdad15b102a620a67975c786777874e1e90ef15ce \
    --hash=sha256:d6da84a26b3aa5da13a62e4b89ab36a396e9327de8cd48b436a3467077f8ccd4 \
    --hash=sha256:d994b87abaa7a88ceb7a37c90f547b8284ff9da694e6afcfaa8568d739faf3f7 \
    --hash=sha256:da68497f78953017deb20edff0dba95641cc86e7423dfadf7c0264e1ac60dc22 \
    --hash=sha256:daffa4807ef54b927451208f5f85750c545a4abbff03d740835fc444cd97f758 \
    --hash=sha256:df5aa4cead2044bab83e0ebae56e0944cc7fcc1505c7787e9e1057d6d549897e \
    --hash=sha256:e099ddfaa88f59dd8d36c8a3c66bd982b4984edf127eb18e30bb49bdba68ce67 \
    --hash=sha256:e64e61f29cf95afb43549063d8433b46352baf0c8a70aa45e2585618fcf59d86 \
    --hash=sha256:e928ec2d84dc8d13285b4a9288fd6246c5cde4f5f935b479f50d986911f085e3 \
    --hash=sha256:f32b9e65d70f3684532358255dc053f143835c5f5991e28a5ac4c93ce94b9ea7 \
    --hash=sha256:f6538aaaedd091d6e5abdaa19b99e6e82697d67518f114721b5248709b639fad \
    --hash=sha256:f9b8bde9909a010c75b3aea58ec3910393b758f3c219beed67063693df854db0 \
    --hash=sha256:ff1b50aeeec64df5603f17984e4b5be6166058dcf8f1e26a3da40d7a0f6ab547
    # via
    #   field-sessions-parser (pyproject.toml)
    #   mcap
    #   rosbags
mcap==1.4.0 \
    --hash=sha256:0528e2f86a61bfec73779e0628e6cf27af83d01d89e20b27d5ec9f0b556a63ac \
    --hash=sha256:0b48b1cc951b8d5aabd2599e60d410bae4f1be1819094f54117b7cbf6b3ee2e9
    # via field-sessions-parser (pyproject.toml)
numpy==2.5.3 \
    --hash=sha256:012e66aca395d795496446e52aeeb5866312a5d4d3f27da270e5a0b43f70dc5c \
    --hash=sha256:09d5a423c71ad5feb5625844ad58050e35df43871004b52ac9c0ad44a56775be \
    --hash=sha256:09ffa5d903faeaa5c4dd05009cf81c8bab9f2cb37c548b8d39b65b4cfa7c97f7 \
    --hash=sha256:0a59a421a32580a009e8a1751345bf829631b990dc1794b80514ab722b435def \
    --hash=sha256:116f96cadd935c6122e9228d676fe7ede19e741f5c8bb1c3cddbe0c51ccebea2 \
    --hash=sha256:1302b90c0e52281681b2975adfe8a860cb7b12216a27b4b0b4207c44bf7bccf0 \
    --hash=sha256:15aa985ac73a8db02db7663381aa109510449d3819d37206caed27b33a65a8a6 \
    --hash=sha256:1aad64d99730d013cfc6debafed22783b4fc5a7f4b8bc744d2d8cf7dcc880551 \
    --hash=sha256:1c80eabb4035ecf4ca9cd49cde8a9fdd69a729e63e6474887d1523ade7aa277f \
    --hash=sha256:1f3ed25271581281f2fccb1adcedfcde4c07362eec69189b50baf6f90e3ae159 \
    --hash=sha256:1fb6f8fb9ff0b3a69f52c66ce397b0246583e9f28616231b0e32ca49259a5fa6 \
    --hash=sha256:214045a5bf00113a146ab9ee9730c44501af6723cdf1f6830932f7b5ef2e7af0 \
    --hash=sha256:26e15e4aecd8617dfbaecb37d223e365d7b39411fba20454be2670a96aa74cb5 \
    --hash=sha256:2c25dfa72943e4336ddb6b0ee4277b47a0c85bede0807530ec68103bf58e2c10 \
    --hash=sha256:2d8240cb4c16fd831074aa2b2cf9fc54664d826341d61c372245b96a74a49a9a \
    --hash=sha256:350ba9783ce969cf9f7ce6e6a9a58e1a6e2a19ca025b7ee448c4db727706212a \
    --hash=sha256:4c8a6d2ebce6305fd82fbefca827775437147052a976ee7c94b36a0c1b52ac6c \
    --hash=sha256:4f8929ee6c96bfbd7b4ed2032e0c03af86fe1826740ab61ddabf9072d06e57ff \
    --hash=sha256:536f963710a4e63934d80ac0dc4f478804a83e9a84b6828018f25d09953ada33 \
    --hash=sha256:54a115e5a73b8fc44f0cebef486365a1894b5c9760685d4558b72b7c3eb846e0 \
    --hash=sha256:595d020938c84e320bcf40ad71089e108eac0d377cd018e14a8c094f39e98d85 \
    --hash=sha256:66a78fe4556c60aceda5916f9eacd638b18e9e681016ec302dcb4682d6d4d034 \
    --hash=sha256:6b05c171afb3aa07adbd20abc00aea86fe375beb0fdb9ef780ec5b7f63bab1c0 \
    --hash=sha256:6cef4bb1706dfec49243c05d921eefb4e190d41e2528b30d8035ea1f36b4c24a \
    --hash=sha256:6f24021b9f22bc6301c37b196974a92c1c18dccedb6fef3dd252e95f2d6adbe4 \
    --hash=sha256:71b39d9f935b6ec0f8753e3e2afb51e3efba6f2e05b68b32a40754d24bcd4a3c \
    --hash=sha256:71cad2b2a7451ab79d8f5e71b453485b6775963d5cf794179144a7463fe6e8ec \
    --hash=sha256:76c2c1e6bfa5c84adc6434dfbf013aa92096a7985221762c8f11fedfd20fff58 \
    --hash=sha256:8617bbfae4486cf99c9f899966699428d19da931d06ca94ad3da986c76e15997 \
    --hash=sha256:86bff898a431c0fb71f7610b75726e75a54d47b37edc9d537f48de63bb3c0b90 \
    --hash=sha256:8e4dd766076855b5ff7ea52fa5f07ce26286726e0f8bff446b7739d02e6ea204 \
    --hash=sha256:92f30e89b8ee0ecf363033576c422b2f58fed6a80bed0aa48dff6d14c654663e \
    --hash=sha256:93e1f5447e2b1e479d7bd74701e84746b86450cff1fc368b132d195e2b8f8211 \
    --hash=sha256:9a37475425b431b4d060f23b4f52cd2f3aef6bc7c654bd760adf0040eec9d435 \
    --hash=sha256:9deb49575e5b0b94ed72c8a64ec4d033381adc27e9060ae842971f697ba96104 \
    --hash=sha256:a5fa86b80fd24bcd1aff83ad23be44ea323de3f787be8f8b15d4a65621e25321 \
    --hash=sha256:a6391fafaba97500887132cd582abc6e19452b1ac775a47caa7b24490e152058 \
    --hash=sha256:a72f874bc9e10e4b8f80426fb49716d5141f64442a0c8418065093ec8017fbb0 \
    --hash=sha256:ac7bb1c52d445bd4f8f7f97fefe6abc3a084dc4d63df50d79b17fa2b78e89297 \
    --hash=sha256:adc1ada2662f8a5f960b8a10d9986897e7499ef07e06d4cfe7197f8cce923c07 \
    --hash=sha256:b00eefbcf0f292945c4b4dec2ae845389ef5bcdcd596e6e4328051db5b5ba694 \
    --hash=sha256:b0521d0f4aebb6e06189451025fa17a913287b13c03d5fe05c017333b654ea5b \
    --hash=sha256:b5d93cf48f687479941d12b69c873ad2cc76bbd487f0091c2200636497f34034 \
    --hash=sha256:b7e18c623bb5c95acb3b3328861272816ba199fb531921c5d6d0b675f1fde9e3 \
    --hash=sha256:bd4cb9ad3c7889b9b3fe0a9a9fb5d2ed26f9879bff2608d9f01aed147a20d231 \
    --hash=sha256:be5a8381859b6da607c84f4f7d6847725f1cf1853ef8a2c9e115b7d58bef47dc \
    --hash=sha256:befa1ae5bd6030b3f512b43ff3fa5290bbed6b84411a44244b14adf835f5b89d \
    --hash=sha256:bf63afbe037eb5d2fe87fbcc7778e61da53ebaf21d938a4515aa73b62532a5d4 \
    --hash=sha256:c00abe94c1a69d75d827dcf1c025b25c8a45d230b3bcd77a9020883a1b047653 \
    --hash=sha256:c2381f82999704f818e2c987a865050e285ec3621262c66d40f5a96c8f899f8e \
    --hash=sha256:c76d5dde9f445058f83d0c02af00557a4db91de9a9a57c0df87d1535001d654b \
    --hash=sha256:cb189f09db39283b26bfd061ec16189e14f71c6755207f72a0f7540867afe5b9 \
    --hash=sha256:ccb32e0525d29e8b0572eb84c9a57af0e7a4e615726927506f55063c62414034 \
    --hash=sha256:ccbc4665079665c3cf3bab4db9f6b095370cd6437d66be549b6c2a1fd19e1958 \
    --hash=sha256:d1c89973648c85069c5046ad460f7b8a00218b29a2e42359ac8cc63e9ab94832 \
    --hash=sha256:df2d5874ff183595a4ba404edd04f6bd9b5505c1d7708573f6a6c17489a67563 \
    --hash=sha256:e01c918ac3d48e18a927cf7b14a26a3e29ff2bdf2eacb976da0aecd6a43ed034 \
    --hash=sha256:e6ab667ba76450084eb64013762c438ea76d9d29cc676dcd6c2e9892ba37f841 \
    --hash=sha256:e931e4f499e0dc7ef29d269a8e5b35dd722e5d14be07df6240166ea7c6532fae \
    --hash=sha256:f54660b0eb6b0b9f36e7fe1cdfdff472028dd0d14acd9b9b65098efbad059469 \
    --hash=sha256:f59a878c33d6b88122d80d239bb3b845d58708750b0cb06a09aebb9b18ec696c \
    --hash=sha256:f7fabeb6cea87d65f3b926de33d03fb016cfdc29314c90974383b5582ae72891 \
    --hash=sha256:f9579f383d1bf9df80081e72760e84960a7fd4f88cf0c9e535a8597c9bb646f5 \
    --hash=sha256:f9a2353b37a1a9e78fd82b27ad7e2a32a2d036604d18f02b05e3136c62ca3b09 \
    --hash=sha256:fc36dc566135b5eceec4cf89758fcb719266a019ef07dae1754ae7c9f617ef3e \
    --hash=sha256:ffdc76bfcae6b255dff75202c5e7feaf95b40246bc0a17944facc1fecf9f79ab
    # via
    #   field-sessions-parser (pyproject.toml)
    #   rosbags
protobuf==7.36.1 \
    --hash=sha256:0b53ce95272aad50ad25d7ff03373743209822e8ba42ea7fad27d2bee1547d00 \
    --hash=sha256:39c518c05586c016d7874ff6079ee115bcec1ea5fbb1d177fbf7867ef4c67e44 \
    --hash=sha256:3cf2ee25d006cee57294a1196ea43b37feb78e0dcd1e8af5c1aeddb777655aca \
    --hash=sha256:43d3d37b1eb24c113b9b7d02008cac44e423f00b611b7781ae998d7623972969 \
    --hash=sha256:51139351435d9b43d88a55eaa49fb6f737fbb478fb0cbf2cf694d1a04a9d3363 \
    --hash=sha256:7d951e46b3f963d6c264c367c437921de9d5aedd9c3f9612b9077736b4e3ad5c \
    --hash=sha256:97198b77e369a0abd8e262b8f6c7266c55ddb796a3a12c76d7b8881188ed83aa \
    --hash=sha256:d0f6470f0ce2b84e3feaea2d4b816378b37ba4d4aa08a274305373de93e2d524
    # via field-sessions-parser (pyproject.toml)
python-dateutil==2.9.0.post0 \
    --hash=sha256:37dd54208da7e1cd875388217d5e00ebd4179249f90fb72437e91a35459a0ad3 \
    --hash=sha256:a8b2bc7bffae282281c8140a97d3aa9c14da0b136dfe83f850eea9a5f7470427
    # via botocore
rosbags==0.11.5 \
    --hash=sha256:e81bc1bbdadeb1a03cd43f9d67dfb2e17ac9fd5245c8ee5119da72ce8a7ab29b \
    --hash=sha256:f6fc16e52af1f383209010557c92933d4ac30a1b376c97e215b71244b26304d8
    # via field-sessions-parser (pyproject.toml)
ruamel-yaml==0.19.1 \
    --hash=sha256:27592957fedf6e0b62f281e96effd28043345e0e66001f97683aa9a40c667c93 \
    --hash=sha256:53eb66cd27849eff968ebf8f0bf61f46cdac2da1d1f3576dd4ccee9b25c31993
    # via rosbags
s3transfer==0.19.2 \
    --hash=sha256:ba0309fd86be3c27dbf78cdd813c13c5e1df16e5874b99d2535ebbdfb9892993 \
    --hash=sha256:d8168eccca828cbb2cd573675333f3bddd254313a9c42494b84c76b539e8ba25
    # via boto3
six==1.17.0 \
    --hash=sha256:4721f391ed90541fddacab5acf947aa0d3dc7d27b2e1e8eda2be8970586c3274 \
    --hash=sha256:ff70335d468e7eb6ec65b95b99d3a2836546063f63acc5171de367e834932a81
    # via python-dateutil
typing-extensions==4.16.0 \
    --hash=sha256:481caa481374e813c1b176ada14e97f1f67a4539ce9cfeb3f350d78d6370c2e8 \
    --hash=sha256:dc983d19a509c94dba722ee6abd33940f7c05a89e243c47e907eb4db6f1a43e5
    # via rosbags
urllib3==2.8.0 \
    --hash=sha256:0cf3cae568d36aa9576b28dfb35f11328f1cb974ca7647d9475ebb86c75ac6e3 \
    --hash=sha256:63bf2ead4c879426ebf22ef2a781eeb4aa3b4ae798a0435506f8687fd5bb9b63
    # via botocore
zstandard==0.25.0 \
    --hash=sha256:011d388c76b11a0c165374ce660ce2c8efa8e5d87f34996aa80f9c0816698b64 \
    --hash=sha256:01582723b3ccd6939ab7b3a78622c573799d5d8737b534b86d0e06ac18dbde4a \
    --hash=sha256:05353cef599a7b0b98baca9b068dd36810c3ef0f42bf282583f438caf6ddcee3 \
    --hash=sha256:05df5136bc5a011f33cd25bc9f506e7426c0c9b3f9954f056831ce68f3b6689f \
    --hash=sha256:06acb75eebeedb77b69048031282737717a63e71e4ae3f77cc0c3b9508320df6 \
    --hash=sha256:07b527a69c1e1c8b5ab1ab14e2afe0675614a09182213f21a0717b62027b5936 \
    --hash=sha256:0bbc9a0c65ce0eea3c34a691e3c4b6889f5f3909ba4822ab385fab9057099431 \
    --hash=sha256:0be7622c37c183406f3dbf0cba104118eb16a4ea7359eeb5752f0794882fc250 \
    --hash=sha256:106281ae350e494f4ac8a80470e66d1fe27e497052c8d9c3b95dc4cf1ade81aa \
    --hash=sha256:10ef2a79ab8e2974e2075fb984e5b9806c64134810fac21576f0668e7ea19f8f \
    --hash=sha256:1673b7199bbe763365b81a4f3252b8e80f44c9e323fc42940dc8843bfeaf9851 \
    --hash=sha256:172de1f06947577d3a3005416977cce6168f2261284c02080e7ad0185faeced3 \
    --hash=sha256:181eb40e0b6a29b3cd2849f825e0fa34397f649170673d385f3598ae17cca2e9 \
    --hash=sha256:1869da9571d5e94a85a5e8d57e4e8807b175c9e4a6294e3b66fa4efb074d90f6 \
    --hash=sha256:19796b39075201d51d5f5f790bf849221e58b48a39a5fc74837675d8bafc7362 \
    --hash=sha256:1cd5da4d8e8ee0e88be976c294db744773459d51bb32f707a0f166e5ad5c8649 \
    --hash=sha256:1f3689581a72eaba9131b1d9bdbfe520ccd169999219b41000ede2fca5c1bfdb \
    --hash=sha256:1f830a0dac88719af0ae43b8b2d6aef487d437036468ef3c2ea59c51f9d55fd5 \
    --hash=sha256:223415140608d0f0da010499eaa8ccdb9af210a543fac54bce15babbcfc78439 \
    --hash=sha256:22a06c5df3751bb7dc67406f5374734ccee8ed37fc5981bf1ad7041831fa1137 \
    --hash=sha256:22a086cff1b6ceca18a8dd6096ec631e430e93a8e70a9ca5efa7561a00f826fa \
    --hash=sha256:23ebc8f17a03133b4426bcc04aabd68f8236eb78c3760f12783385171b0fd8bd \
    --hash=sha256:25f8f3cd45087d089aef5ba3848cd9efe3ad41163d3400862fb42f81a3a46701 \
    --hash=sha256:2b6bd67528ee8b5c5f10255735abc21aa106931f0dbaf297c7be0c886353c3d0 \
    --hash=sha256:2e54296a283f3ab5a26fc9b8b5d4978ea0532f37b231644f367aa588930aa043 \
    --hash=sha256:3756b3e9da9b83da1796f8809dd57cb024f838b9eeafde28f3cb472012797ac1 \
    --hash=sha256:37daddd452c0ffb65da00620afb8e17abd4adaae6ce6310702841760c2c26860 \
    --hash=sha256:3a39c94ad7866160a4a46d772e43311a743c316942037671beb264e395bdd611 \
    --hash=sha256:3b870ce5a02d4b22286cf4944c628e0f0881b11b3f14667c1d62185a99e04f53 \
    --hash=sha256:3c83b0188c852a47cd13ef3bf9209fb0a77fa5374958b8c53aaa699398c6bd7b \
    --hash=sha256:4203ce3b31aec23012d3a4cf4a2ed64d12fea5269c49aed5e4c3611b938e4088 \
    --hash=sha256:457ed498fc58cdc12fc48f7950e02740d4f7ae9493dd4ab2168a47c93c31298e \
    --hash=sha256:474d2596a2dbc241a556e965fb76002c1ce655445e4e3bf38e5477d413165ffa \
    --hash=sha256:4b14abacf83dfb5c25eb4e4a79520de9e7e205f72c9ee7702f91233ae57d33a2 \
    --hash=sha256:4b6d83057e713ff235a12e73916b6d356e3084fd3d14ced499d84240f3eecee0 \
    --hash=sha256:4d441506e9b372386a5271c64125f72d5df6d2a8e8a2a45a0ae09b03cb781ef7 \
    --hash=sha256:4f187a0bb61b35119d1926aee039524d1f93aaf38a9916b8c4b78ac8514a0aaf \
    --hash=sha256:51526324f1b23229001eb3735bc8c94f9c578b1bd9e867a0a646a3b17109f388 \
    --hash=sha256:53e08b2445a6bc241261fea89d065536f00a581f02535f8122eba42db9375530 \
    --hash=sha256:53f94448fe5b10ee75d246497168e5825135d54325458c4bfffbaafabcc0a577 \
    --hash=sha256:5a56ba0db2d244117ed744dfa8f6f5b366e14148e00de44723413b2f3938a902 \
    --hash=sha256:5f1ad7bf88535edcf30038f6919abe087f606f62c00a87d7e33e7fc57cb69fcc \
    --hash=sha256:5f5e4c2a23ca271c218ac025bd7d635597048b366d6f31f420aaeb715239fc98 \
    --hash=sha256:6a573a35693e03cf1d67799fd01b50ff578515a8aeadd4595d2a7fa9f3ec002a \
    --hash=sha256:6c0e5a65158a7946e7a7affa6418878ef97ab66636f13353b8502d7ea03c8097 \
    --hash=sha256:6dffecc361d079bb48d7caef5d673c88c8988d3d33fb74ab95b7ee6da42652ea \
    --hash=sha256:7030defa83eef3e51ff26f0b7bfb229f0204b66fe18e04359ce3474ac33cbc09 \
    --hash=sha256:7149623bba7fdf7e7f24312953bcf73cae103db8cae49f8154dd1eadc8a29ecb \
    --hash=sha256:72d35d7aa0bba323965da807a462b0966c91608ef3a48ba761678cb20ce5d8b7 \
    --hash=sha256:75ffc32a569fb049499e63ce68c743155477610532da1eb38e7f24bf7cd29e74 \
    --hash=sha256:7713e1179d162cf5c7906da876ec2ccb9c3a9dcbdffef0cc7f70c3667a205f0b \
    --hash=sha256:78228d8a6a1c177a96b94f7e2e8d012c55f9c760761980da16ae7546a15a8e9b \
    --hash=sha256:7b3c3a3ab9daa3eed242d6ecceead93aebbb8f5f84318d82cee643e019c4b73b \
    --hash=sha256:809c5bcb2c67cd0ed81e9229d227d4ca28f82d0f778fc5fea624a9def3963f91 \
    --hash=sha256:81dad8d145d8fd981b2962b686b2241d3a1ea07733e76a2f15435dfb7fb60150 \
    --hash=sha256:85304a43f4d513f5464ceb938aa02c1e78c2943b29f44a750b48b25ac999a049 \
    --hash=sha256:89c4b48479a43f820b749df49cd7ba2dbc2b1b78560ecb5ab52985574fd40b27 \
    --hash=sha256:8e735494da3db08694d26480f1493ad2cf86e99bdd53e8e9771b2752a5c0246a \
    --hash=sha256:913cbd31a400febff93b564a23e17c3ed2d56c064006f54efec210d586171c00 \
    --hash=sha256:9174f4ed06f790a6869b41cba05b43eeb9a35f8993c4422ab853b705e8112bbd \
    --hash=sha256:9300d02ea7c6506f00e627e287e0492a5eb0371ec1670ae852fefffa6164b072 \
    --hash=sha256:933b65d7680ea337180733cf9e87293cc5500cc0eb3fc8769f4d3c88d724ec5c \
    --hash=sha256:9654dbc012d8b06fc3d19cc825af3f7bf8ae242226df5f83936cb39f5fdc846c \
    --hash=sha256:98750a309eb2f020da61e727de7d7ba3c57c97cf6213f6f6277bb7fb42a8e065 \
    --hash=sha256:99c0c846e6e61718715a3c9437ccc625de26593fea60189567f0118dc9db7512 \
    --hash=sha256:a1a4ae2dec3993a32247995bdfe367fc3266da832d82f8438c8570f989753de1 \
    --hash=sha256:a3f79487c687b1fc69f19e487cd949bf3aae653d181dfb5fde3bf6d18894706f \
    --hash=sha256:a4089a10e598eae6393756b036e0f419e8c1d60f44a831520f9af41c14216cf2 \
    --hash=sha256:a51ff14f8017338e2f2e5dab738ce1ec3b5a851f23b18c1ae1359b1eecbee6df \
    --hash=sha256:a5a419712cf88862a45a23def0ae063686db3d324cec7edbe40509d1a79a0aab \
    --hash=sha256:a9ec8c642d1ec73287ae3e726792dd86c96f5681eb8df274a757bf62b750eae7 \
    --hash=sha256:aaf21ba8fb76d102b696781bddaa0954b782536446083ae3fdaa6f16b25a1c4b \
    --hash=sha256:ab85470ab54c2cb96e176f40342d9ed41e58ca5733be6a893b730e7af9c40550 \
    --hash=sha256:b9af1fe743828123e12b41dd8091eca1074d0c1569cc42e6e1eee98027f2bbd0 \
    --hash=sha256:bfc4e20784722098822e3eee42b8e576b379ed72cca4a7cb856ae733e62192ea \
    --hash=sha256:bfd06b1c5584b657a2892a6014c2f4c20e0db0208c159148fa78c65f7e0b0277 \
    --hash=sha256:c19bcdd826e95671065f8692b5a4aa95c52dc7a02a4c5a0cac46deb879a017a2 \
    --hash=sha256:c2ba942c94e0691467ab901fc51b6f2085ff48f2eea77b1a48240f011e8247c7 \
    --hash=sha256:c8e167d5adf59476fa3e37bee730890e389410c354771a62e3c076c86f9f7778 \
    --hash=sha256:ca54090275939dc8ec5dea2d2afb400e0f83444b2fc24e07df7fdef677110859 \
    --hash=sha256:d7541afd73985c630bafcd6338d2518ae96060075f9463d7dc14cfb33514383d \
    --hash=sha256:d8c56bb4e6c795fc77d74d8e8b80846e1fb8292fc0b5060cd8131d522974b751 \
    --hash=sha256:da469dc041701583e34de852d8634703550348d5822e66a0c827d39b05365b12 \
    --hash=sha256:daab68faadb847063d0c56f361a289c4f268706b598afbf9ad113cbe5c38b6b2 \
    --hash=sha256:e05ab82ea7753354bb054b92e2f288afb750e6b439ff6ca78af52939ebbc476d \
    --hash=sha256:e09bb6252b6476d8d56100e8147b803befa9a12cea144bbe629dd508800d1ad0 \
    --hash=sha256:e29f0cf06974c899b2c188ef7f783607dbef36da4c242eb6c82dcd8b512855e3 \
    --hash=sha256:e59fdc271772f6686e01e1b3b74537259800f57e24280be3f29c8a0deb1904dd \
    --hash=sha256:e7360eae90809efd19b886e59a09dad07da4ca9ba096752e61a2e03c8aca188e \
    --hash=sha256:e96594a5537722fdfb79951672a2a63aec5ebfb823e7560586f7484819f2a08f \
    --hash=sha256:ea9d54cc3d8064260114a0bbf3479fc4a98b21dffc89b3459edd506b69262f6e \
    --hash=sha256:ec996f12524f88e151c339688c3897194821d7f03081ab35d31d1e12ec975e94 \
    --hash=sha256:f27662e4f7dbf9f9c12391cb37b4c4c3cb90ffbd3b1fb9284dadbbb8935fa708 \
    --hash=sha256:f373da2c1757bb7f1acaf09369cdc1d51d84131e50d5fa9863982fd626466313 \
    --hash=sha256:f5aeea11ded7320a84dcdd62a3d95b5186834224a9e55b92ccae35d21a8b63d4 \
    --hash=sha256:f604efd28f239cc21b3adb53eb061e2a205dc164be408e553b41ba2ffe0ca15c \
    --hash=sha256:f67e8f1a324a900e75b5e28ffb152bcac9fbed1cc7b43f99cd90f395c4375344 \
    --hash=sha256:fd7a5004eb1980d3cefe26b2685bcb0b17989901a70a1040d1ac86f1d898c551 \
    --hash=sha256:ffef5a74088f1e09947aecf91011136665152e0b4b359c42be3373897fb39b01
    # via
    #   field-sessions-parser (pyproject.toml)
    #   mcap
    #   rosbags
